Microsoft Visual Studio Solution File, Format Version 12.00
# Visual Studio Version 17
VisualStudioVersion = 17.4.33403.182
MinimumVisualStudioVersion = 10.0.40219.1
Project("{9A19103F-16F7-4668-BE54-9A1E7A4F7556}") = "Apache.Arrow.Adbc.Drivers.BigQuery", "src/Apache.Arrow.Adbc.Drivers.BigQuery.csproj", "{A748041C-EF9A-4E88-B6FB-9F2D6CB79170}"
EndProject
Project("{9A19103F-16F7-4668-BE54-9A1E7A4F7556}") = "Apache.Arrow.Adbc.Tests.Drivers.BigQuery", "test/Apache.Arrow.Adbc.Tests.Drivers.BigQuery.csproj", "{EA43BB7C-BC00-4701-BDF4-367880C2495C}"
EndProject
Global
	GlobalSection(SolutionConfigurationPlatforms) = preSolution
		Debug|Any CPU = Debug|Any CPU
		Release|Any CPU = Release|Any CPU
	EndGlobalSection
	GlobalSection(ProjectConfigurationPlatforms) = postSolution
		{A748041C-EF9A-4E88-B6FB-9F2D6CB79170}.Debug|Any CPU.ActiveCfg = Debug|Any CPU
		{A748041C-EF9A-4E88-B6FB-9F2D6CB79170}.Debug|Any CPU.Build.0 = Debug|Any CPU
		{A748041C-EF9A-4E88-B6FB-9F2D6CB79170}.Release|Any CPU.ActiveCfg = Release|Any CPU
		{A748041C-EF9A-4E88-B6FB-9F2D6CB79170}.Release|Any CPU.Build.0 = Release|Any CPU
		{EA43BB7C-BC00-4701-BDF4-367880C2495C}.Debug|Any CPU.ActiveCfg = Debug|Any CPU
		{EA43BB7C-BC00-4701-BDF4-367880C2495C}.Debug|Any CPU.Build.0 = Debug|Any CPU
		{EA43BB7C-BC00-4701-BDF4-367880C2495C}.Release|Any CPU.ActiveCfg = Release|Any CPU
		{EA43BB7C-BC00-4701-BDF4-367880C2495C}.Release|Any CPU.Build.0 = Release|Any CPU
	EndGlobalSection
	GlobalSection(SolutionProperties) = preSolution
		HideSolutionNode = FALSE
	EndGlobalSection
	GlobalSection(ExtensibilityGlobals) = postSolution
		SolutionGuid = {4795CF16-0FDB-4BE0-9768-5CF31564DC03}
	EndGlobalSection
EndGlobal